lockfileVersion: '9.0'

settings:
  autoInstallPeers: true
  excludeLinksFromLockfile: false

importers:

  .: {}

  apps/client:
    dependencies:
      '@app/ui':
        specifier: workspace:^
        version: link:../../packages/ui

  packages/tset:
    dependencies:
      '@app/ui':
        specifier: workspace:^
        version: link:../ui

  packages/ui: {}
